
Microsoft Visual Studio Solution File, Format Version 12.00
# Visual Studio Version 17
VisualStudioVersion = 17.14.36908.2 d17.14
MinimumVisualStudioVersion = 10.0.40219.1
Project("{FAE04EC0-301F-11D3-BF4B-00C04F79EFBC}") = "DirctExchange.Consumer", "DirctExchange.Consumer\DirctExchange.Consumer.csproj", "{278579D5-B4AC-4A90-BCE8-4A249424C825}"
EndProject
Project("{FAE04EC0-301F-11D3-BF4B-00C04F79EFBC}") = "DirctExchange.Producer", "DirctExchange.Producer\DirctExchange.Producer.csproj", "{29770896-EE45-4514-B075-14F5DEDA8DD6}"
EndProject
Global
	GlobalSection(SolutionConfigurationPlatforms) = preSolution
		Debug|Any CPU = Debug|Any CPU
		Release|Any CPU = Release|Any CPU
	EndGlobalSection
	GlobalSection(ProjectConfigurationPlatforms) = postSolution
		{278579D5-B4AC-4A90-BCE8-4A249424C825}.Debug|Any CPU.ActiveCfg = Debug|Any CPU
		{278579D5-B4AC-4A90-BCE8-4A249424C825}.Debug|Any CPU.Build.0 = Debug|Any CPU
		{278579D5-B4AC-4A90-BCE8-4A249424C825}.Release|Any CPU.ActiveCfg = Release|Any CPU
		{278579D5-B4AC-4A90-BCE8-4A249424C825}.Release|Any CPU.Build.0 = Release|Any CPU
		{29770896-EE45-4514-B075-14F5DEDA8DD6}.Debug|Any CPU.ActiveCfg = Debug|Any CPU
		{29770896-EE45-4514-B075-14F5DEDA8DD6}.Debug|Any CPU.Build.0 = Debug|Any CPU
		{29770896-EE45-4514-B075-14F5DEDA8DD6}.Release|Any CPU.ActiveCfg = Release|Any CPU
		{29770896-EE45-4514-B075-14F5DEDA8DD6}.Release|Any CPU.Build.0 = Release|Any CPU
	EndGlobalSection
	GlobalSection(SolutionProperties) = preSolution
		HideSolutionNode = FALSE
	EndGlobalSection
	GlobalSection(ExtensibilityGlobals) = postSolution
		SolutionGuid = {A9ABE91B-0A80-4210-861D-2BEB98984F49}
	EndGlobalSection
EndGlobal
